{
  "requires": true,
  "lockfileVersion": 1,
  "dependencies": {
    "-": {
      "version": "0.0.1",
      "resolved": "https://packages.tuhuyun.cn/artifactory/api/npm/npm/-/-/--0.0.1.tgz",
      "integrity": "sha1-2223zYZhQogN0D5bh4HRtPrA5b0="
    },
    "copy-anything": {
      "version": "2.0.6",
      "resolved": "https://packages.tuhuyun.cn/artifactory/api/npm/npm/copy-anything/-/copy-anything-2.0.6.tgz",
      "integrity": "sha1-CSRU6pWEp7etVXMGKyqH9ZAPxIA=",
      "dev": true,
      "requires": {
        "is-what": "^3.14.1"
      }
    },
    "debug": {
      "version": "3.2.7",
      "resolved": "https://packages.tuhuyun.cn/artifactory/api/npm/npm/debug/-/debug-3.2.7.tgz",
      "integrity": "sha1-clgLfpFF+zm2Z2+cXl+xALk0F5o=",
      "dev": true,
      "optional": true,
      "requires": {
        "ms": "^2.1.1"
      }
    },
    "errno": {
      "version": "0.1.8",
      "resolved": "https://packages.tuhuyun.cn/artifactory/api/npm/npm/errno/-/errno-0.1.8.tgz",
      "integrity": "sha1-i7Ppx9Rjvkl2/4iPdrSAnrwugR8=",
      "dev": true,
      "optional": true,
      "requires": {
        "prr": "~1.0.1"
      }
    },
    "graceful-fs": {
      "version": "4.2.9",
      "resolved": "https://packages.tuhuyun.cn/artifactory/api/npm/npm/graceful-fs/-/graceful-fs-4.2.9.tgz",
      "integrity": "sha1-BBsF30V1Xlh6JJQiebnRExRuHJY=",
      "dev": true,
      "optional": true
    },
    "iconv-lite": {
      "version": "0.4.24",
      "resolved": "https://packages.tuhuyun.cn/artifactory/api/npm/npm/iconv-lite/-/iconv-lite-0.4.24.tgz",
      "integrity": "sha1-ICK0sl+93CHS9SSXSkdKr+czkIs=",
      "dev": true,
      "optional": true,
      "requires": {
        "safer-buffer": ">= 2.1.2 < 3"
      }
    },
    "image-size": {
      "version": "0.5.5",
      "resolved": "https://packages.tuhuyun.cn/artifactory/api/npm/npm/image-size/-/image-size-0.5.5.tgz",
      "integrity": "sha1-Cd/Uq50g4p6xw+gLiZA3jfnjy5w=",
      "dev": true,
      "optional": true
    },
    "is-what": {
      "version": "3.14.1",
      "resolved": "https://packages.tuhuyun.cn/artifactory/api/npm/npm/is-what/-/is-what-3.14.1.tgz",
      "integrity": "sha1-4SIvRt3ahd6tD9HJ3xMXYOd3VcE=",
      "dev": true
    },
    "klona": {
      "version": "2.0.5",
      "resolved": "https://packages.tuhuyun.cn/artifactory/api/npm/npm/klona/-/klona-2.0.5.tgz",
      "integrity": "sha1-0WZXTZAHY5XZljqnqSj6u412r7w=",
      "dev": true
    },
    "less": {
      "version": "4.1.2",
      "resolved": "https://packages.tuhuyun.cn/artifactory/api/npm/npm/less/-/less-4.1.2.tgz",
      "integrity": "sha1-YJnuWEmZdQwmJLZfgBRfhnTktLA=",
      "dev": true,
      "requires": {
        "copy-anything": "^2.0.1",
        "errno": "^0.1.1",
        "graceful-fs": "^4.1.2",
        "image-size": "~0.5.0",
        "make-dir": "^2.1.0",
        "mime": "^1.4.1",
        "needle": "^2.5.2",
        "parse-node-version": "^1.0.1",
        "source-map": "~0.6.0",
        "tslib": "^2.3.0"
      }
    },
    "less-loader": {
      "version": "10.2.0",
      "resolved": "https://packages.tuhuyun.cn/artifactory/api/npm/npm/less-loader/-/less-loader-10.2.0.tgz",
      "integrity": "sha1-lyhth5fcPcBbHRaw7OxflovdTjI=",
      "dev": true,
      "requires": {
        "klona": "^2.0.4"
      }
    },
    "make-dir": {
      "version": "2.1.0",
      "resolved": "https://packages.tuhuyun.cn/artifactory/api/npm/npm/make-dir/-/make-dir-2.1.0.tgz",
      "integrity": "sha1-XwMQ4YuL6JjMBwCSlaMK5B6R5vU=",
      "dev": true,
      "optional": true,
      "requires": {
        "pify": "^4.0.1",
        "semver": "^5.6.0"
      }
    },
    "mime": {
      "version": "1.6.0",
      "resolved": "https://packages.tuhuyun.cn/artifactory/api/npm/npm/mime/-/mime-1.6.0.tgz",
      "integrity": "sha1-Ms2eXGRVO9WNGaVor0Uqz/BJgbE=",
      "dev": true,
      "optional": true
    },
    "ms": {
      "version": "2.1.3",
      "resolved": "https://packages.tuhuyun.cn/artifactory/api/npm/npm/ms/-/ms-2.1.3.tgz",
      "integrity": "sha1-V0yBOM4dK1hh8LRFedut1gxmFbI=",
      "dev": true,
      "optional": true
    },
    "needle": {
      "version": "2.9.1",
      "resolved": "https://packages.tuhuyun.cn/artifactory/api/npm/npm/needle/-/needle-2.9.1.tgz",
      "integrity": "sha1-ItHf++NJDCuD4wH3cJtnNs2PJoQ=",
      "dev": true,
      "optional": true,
      "requires": {
        "debug": "^3.2.6",
        "iconv-lite": "^0.4.4",
        "sax": "^1.2.4"
      }
    },
    "parse-node-version": {
      "version": "1.0.1",
      "resolved": "https://packages.tuhuyun.cn/artifactory/api/npm/npm/parse-node-version/-/parse-node-version-1.0.1.tgz",
      "integrity": "sha1-4rXb7eAOf6m8NjYH9TMn6LBzGJs=",
      "dev": true
    },
    "pify": {
      "version": "4.0.1",
      "resolved": "https://packages.tuhuyun.cn/artifactory/api/npm/npm/pify/-/pify-4.0.1.tgz",
      "integrity": "sha1-SyzSXFDVmHNcUCkiJP2MbfQeMjE=",
      "dev": true,
      "optional": true
    },
    "prr": {
      "version": "1.0.1",
      "resolved": "https://packages.tuhuyun.cn/artifactory/api/npm/npm/prr/-/prr-1.0.1.tgz",
      "integrity": "sha1-0/wRS6BplaRexok/SEzrHXj19HY=",
      "dev": true,
      "optional": true
    },
    "safer-buffer": {
      "version": "2.1.2",
      "resolved": "https://packages.tuhuyun.cn/artifactory/api/npm/npm/safer-buffer/-/safer-buffer-2.1.2.tgz",
      "integrity": "sha1-RPoWGwGHuVSd2Eu5GAL5vYOFzWo=",
      "dev": true,
      "optional": true
    },
    "sax": {
      "version": "1.2.4",
      "resolved": "https://packages.tuhuyun.cn/artifactory/api/npm/npm/sax/-/sax-1.2.4.tgz",
      "integrity": "sha1-KBYjTiN4vdxOU1T6tcqold9xANk=",
      "dev": true,
      "optional": true
    },
    "semver": {
      "version": "5.7.1",
      "resolved": "https://packages.tuhuyun.cn/artifactory/api/npm/npm/semver/-/semver-5.7.1.tgz",
      "integrity": "sha1-qVT5Ma66UI0we78Gnv8MAclhFvc=",
      "dev": true,
      "optional": true
    },
    "source-map": {
      "version": "0.6.1",
      "resolved": "https://packages.tuhuyun.cn/artifactory/api/npm/npm/source-map/-/source-map-0.6.1.tgz",
      "integrity": "sha1-dHIq8y6WFOnCh6jQu95IteLxomM=",
      "dev": true,
      "optional": true
    },
    "tslib": {
      "version": "2.3.1",
      "resolved": "https://packages.tuhuyun.cn/artifactory/api/npm/npm/tslib/-/tslib-2.3.1.tgz",
      "integrity": "sha1-6KM1rdXOrlGqJh0ypJAVjvBC7wE=",
      "dev": true
    }
  }
}
